
Microsoft Visual Studio Solution File, Format Version 12.00
# Visual Studio Version 16
VisualStudioVersion = 16.0.30114.105
MinimumVisualStudioVersion = 10.0.40219.1
Project("{FAE04EC0-301F-11D3-BF4B-00C04F79EFBC}") = "Core", "Core\Core.csproj", "{ED6581F2-1036-4F68-8FAC-D757B112DB07}"
EndProject
Project("{FAE04EC0-301F-11D3-BF4B-00C04F79EFBC}") = "Web", "Web\Web.csproj", "{2000093E-64FB-48AC-A614-053B019EB741}"
EndProject
Project("{FAE04EC0-301F-11D3-BF4B-00C04F79EFBC}") = "Infrastructure", "Infrastructure\Infrastructure.csproj", "{2CB50A70-F5E0-417D-84F9-02CC3D883F36}"
EndProject
Global
	GlobalSection(SolutionConfigurationPlatforms) = preSolution
		Debug|Any CPU = Debug|Any CPU
		Release|Any CPU = Release|Any CPU
	EndGlobalSection
	GlobalSection(SolutionProperties) = preSolution
		HideSolutionNode = FALSE
	EndGlobalSection
	GlobalSection(ProjectConfigurationPlatforms) = postSolution
		{ED6581F2-1036-4F68-8FAC-D757B112DB07}.Debug|Any CPU.ActiveCfg = Debug|Any CPU
		{ED6581F2-1036-4F68-8FAC-D757B112DB07}.Debug|Any CPU.Build.0 = Debug|Any CPU
		{ED6581F2-1036-4F68-8FAC-D757B112DB07}.Release|Any CPU.ActiveCfg = Release|Any CPU
		{ED6581F2-1036-4F68-8FAC-D757B112DB07}.Release|Any CPU.Build.0 = Release|Any CPU
		{2000093E-64FB-48AC-A614-053B019EB741}.Debug|Any CPU.ActiveCfg = Debug|Any CPU
		{2000093E-64FB-48AC-A614-053B019EB741}.Debug|Any CPU.Build.0 = Debug|Any CPU
		{2000093E-64FB-48AC-A614-053B019EB741}.Release|Any CPU.ActiveCfg = Release|Any CPU
		{2000093E-64FB-48AC-A614-053B019EB741}.Release|Any CPU.Build.0 = Release|Any CPU
		{2CB50A70-F5E0-417D-84F9-02CC3D883F36}.Debug|Any CPU.ActiveCfg = Debug|Any CPU
		{2CB50A70-F5E0-417D-84F9-02CC3D883F36}.Debug|Any CPU.Build.0 = Debug|Any CPU
		{2CB50A70-F5E0-417D-84F9-02CC3D883F36}.Release|Any CPU.ActiveCfg = Release|Any CPU
		{2CB50A70-F5E0-417D-84F9-02CC3D883F36}.Release|Any CPU.Build.0 = Release|Any CPU
	EndGlobalSection
EndGlobal
